
Microsoft Visual Studio Solution File, Format Version 12.00
# Visual Studio Version 17
VisualStudioVersion = 17.7.34031.279
MinimumVisualStudioVersion = 10.0.40219.1
Project("{9A19103F-16F7-4668-BE54-9A1E7A4F7556}") = "Day1", "Day1\Day1.csproj", "{D1D4DDBA-90B6-474B-8EE5-CCC09DF46A0C}"
EndProject
Project("{9A19103F-16F7-4668-BE54-9A1E7A4F7556}") = "Day2", "Day2\Day2.csproj", "{32422A22-3EB6-42F0-B30A-AB7C30AFDE9A}"
EndProject
Project("{9A19103F-16F7-4668-BE54-9A1E7A4F7556}") = "Day3", "Day3\Day3.csproj", "{94BE30FA-D29E-4B81-A737-2CA15FC97BE7}"
EndProject
Project("{9A19103F-16F7-4668-BE54-9A1E7A4F7556}") = "Day4", "Day4\Day4.csproj", "{BA194C36-F535-484D-96D0-2BE392FD6CE1}"
EndProject
Project("{FAE04EC0-301F-11D3-BF4B-00C04F79EFBC}") = "Day5", "Day5\Day5.csproj", "{01A6533C-8DCE-4263-BBF2-A56A3B265DCB}"
EndProject
Global
	GlobalSection(SolutionConfigurationPlatforms) = preSolution
		Debug|Any CPU = Debug|Any CPU
		Release|Any CPU = Release|Any CPU
	EndGlobalSection
	GlobalSection(ProjectConfigurationPlatforms) = postSolution
		{D1D4DDBA-90B6-474B-8EE5-CCC09DF46A0C}.Debug|Any CPU.ActiveCfg = Debug|Any CPU
		{D1D4DDBA-90B6-474B-8EE5-CCC09DF46A0C}.Debug|Any CPU.Build.0 = Debug|Any CPU
		{D1D4DDBA-90B6-474B-8EE5-CCC09DF46A0C}.Release|Any CPU.ActiveCfg = Release|Any CPU
		{D1D4DDBA-90B6-474B-8EE5-CCC09DF46A0C}.Release|Any CPU.Build.0 = Release|Any CPU
		{32422A22-3EB6-42F0-B30A-AB7C30AFDE9A}.Debug|Any CPU.ActiveCfg = Debug|Any CPU
		{32422A22-3EB6-42F0-B30A-AB7C30AFDE9A}.Debug|Any CPU.Build.0 = Debug|Any CPU
		{32422A22-3EB6-42F0-B30A-AB7C30AFDE9A}.Release|Any CPU.ActiveCfg = Release|Any CPU
		{32422A22-3EB6-42F0-B30A-AB7C30AFDE9A}.Release|Any CPU.Build.0 = Release|Any CPU
		{94BE30FA-D29E-4B81-A737-2CA15FC97BE7}.Debug|Any CPU.ActiveCfg = Debug|Any CPU
		{94BE30FA-D29E-4B81-A737-2CA15FC97BE7}.Debug|Any CPU.Build.0 = Debug|Any CPU
		{94BE30FA-D29E-4B81-A737-2CA15FC97BE7}.Release|Any CPU.ActiveCfg = Release|Any CPU
		{94BE30FA-D29E-4B81-A737-2CA15FC97BE7}.Release|Any CPU.Build.0 = Release|Any CPU
		{BA194C36-F535-484D-96D0-2BE392FD6CE1}.Debug|Any CPU.ActiveCfg = Debug|Any CPU
		{BA194C36-F535-484D-96D0-2BE392FD6CE1}.Debug|Any CPU.Build.0 = Debug|Any CPU
		{BA194C36-F535-484D-96D0-2BE392FD6CE1}.Release|Any CPU.ActiveCfg = Release|Any CPU
		{BA194C36-F535-484D-96D0-2BE392FD6CE1}.Release|Any CPU.Build.0 = Release|Any CPU
		{01A6533C-8DCE-4263-BBF2-A56A3B265DCB}.Debug|Any CPU.ActiveCfg = Debug|Any CPU
		{01A6533C-8DCE-4263-BBF2-A56A3B265DCB}.Debug|Any CPU.Build.0 = Debug|Any CPU
		{01A6533C-8DCE-4263-BBF2-A56A3B265DCB}.Release|Any CPU.ActiveCfg = Release|Any CPU
		{01A6533C-8DCE-4263-BBF2-A56A3B265DCB}.Release|Any CPU.Build.0 = Release|Any CPU
	EndGlobalSection
	GlobalSection(SolutionProperties) = preSolution
		HideSolutionNode = FALSE
	EndGlobalSection
	GlobalSection(ExtensibilityGlobals) = postSolution
		SolutionGuid = {31E917B3-4E2F-4A35-AF27-4B4837CAF515}
	EndGlobalSection
EndGlobal
