
Microsoft Visual Studio Solution File, Format Version 12.00
# Visual Studio Version 17
VisualStudioVersion = 17.7.34031.279
MinimumVisualStudioVersion = 10.0.40219.1
Project("{9A19103F-16F7-4668-BE54-9A1E7A4F7556}") = "Day1", "Day1\Day1.csproj", "{D1D4DDBA-90B6-474B-8EE5-CCC09DF46A0C}"
EndProject
Project("{9A19103F-16F7-4668-BE54-9A1E7A4F7556}") = "Day2", "Day2\Day2.csproj", "{32422A22-3EB6-42F0-B30A-AB7C30AFDE9A}"
EndProject
Project("{9A19103F-16F7-4668-BE54-9A1E7A4F7556}") = "Day3", "Day3\Day3.csproj", "{94BE30FA-D29E-4B81-A737-2CA15FC97BE7}"
EndProject
Project("{9A19103F-16F7-4668-BE54-9A1E7A4F7556}") = "Day4", "Day4\Day4.csproj", "{BA194C36-F535-484D-96D0-2BE392FD6CE1}"
EndProject
Project("{9A19103F-16F7-4668-BE54-9A1E7A4F7556}") = "Day5", "Day5\Day5.csproj", "{01A6533C-8DCE-4263-BBF2-A56A3B265DCB}"
EndProject
Project("{9A19103F-16F7-4668-BE54-9A1E7A4F7556}") = "Day6", "Day6\Day6.csproj", "{65174B8F-F77E-4C45-A487-27613213F87A}"
EndProject
Project("{9A19103F-16F7-4668-BE54-9A1E7A4F7556}") = "Day7", "Day7\Day7.csproj", "{4730A660-C53B-4F7B-9DF6-B9F74A6D777B}"
EndProject
Project("{9A19103F-16F7-4668-BE54-9A1E7A4F7556}") = "Day8", "Day8\Day8.csproj", "{708F1D4B-698F-4BF2-B49A-5F6A4F10D485}"
EndProject
Project("{9A19103F-16F7-4668-BE54-9A1E7A4F7556}") = "Day9", "Day9\Day9.csproj", "{F4300161-9653-4DCE-A897-3E115883F674}"
EndProject
Project("{9A19103F-16F7-4668-BE54-9A1E7A4F7556}") = "Day10", "Day10\Day10.csproj", "{7F0DBB2B-E08F-4C65-A91F-4FF3BBE7D39A}"
EndProject
Project("{9A19103F-16F7-4668-BE54-9A1E7A4F7556}") = "Day11", "Day11\Day11.csproj", "{0AF0E5AA-E536-4365-AE12-CC8507150BBE}"
EndProject
Project("{9A19103F-16F7-4668-BE54-9A1E7A4F7556}") = "Day12", "Day12\Day12.csproj", "{0FAAD332-D620-4171-B337-2BAC35369188}"
EndProject
Project("{9A19103F-16F7-4668-BE54-9A1E7A4F7556}") = "Day13", "Day13\Day13.csproj", "{CE84DE52-EA1E-474A-B3E4-BA8920429602}"
EndProject
Project("{9A19103F-16F7-4668-BE54-9A1E7A4F7556}") = "Day14", "Day14\Day14.csproj", "{F34EF265-2E59-45B3-80D3-F90D916A06FB}"
EndProject
Project("{9A19103F-16F7-4668-BE54-9A1E7A4F7556}") = "Day15", "Day15\Day15.csproj", "{94699506-4719-4B34-A489-A40B6C5B2185}"
EndProject
Project("{9A19103F-16F7-4668-BE54-9A1E7A4F7556}") = "Day16", "Day16\Day16.csproj", "{91E5521F-6430-49F1-BC63-E92192FD2B81}"
EndProject
Project("{9A19103F-16F7-4668-BE54-9A1E7A4F7556}") = "Day17", "Day17\Day17.csproj", "{C8DDEF8B-48C8-4C85-8D4E-BF81F0322305}"
EndProject
Project("{FAE04EC0-301F-11D3-BF4B-00C04F79EFBC}") = "Day18", "Day18\Day18.csproj", "{81EA5E86-9FAF-495D-978B-F6BE5DB27B33}"
EndProject
Global
	GlobalSection(SolutionConfigurationPlatforms) = preSolution
		Debug|Any CPU = Debug|Any CPU
		Release|Any CPU = Release|Any CPU
	EndGlobalSection
	GlobalSection(ProjectConfigurationPlatforms) = postSolution
		{D1D4DDBA-90B6-474B-8EE5-CCC09DF46A0C}.Debug|Any CPU.ActiveCfg = Debug|Any CPU
		{D1D4DDBA-90B6-474B-8EE5-CCC09DF46A0C}.Debug|Any CPU.Build.0 = Debug|Any CPU
		{D1D4DDBA-90B6-474B-8EE5-CCC09DF46A0C}.Release|Any CPU.ActiveCfg = Release|Any CPU
		{D1D4DDBA-90B6-474B-8EE5-CCC09DF46A0C}.Release|Any CPU.Build.0 = Release|Any CPU
		{32422A22-3EB6-42F0-B30A-AB7C30AFDE9A}.Debug|Any CPU.ActiveCfg = Debug|Any CPU
		{32422A22-3EB6-42F0-B30A-AB7C30AFDE9A}.Debug|Any CPU.Build.0 = Debug|Any CPU
		{32422A22-3EB6-42F0-B30A-AB7C30AFDE9A}.Release|Any CPU.ActiveCfg = Release|Any CPU
		{32422A22-3EB6-42F0-B30A-AB7C30AFDE9A}.Release|Any CPU.Build.0 = Release|Any CPU
		{94BE30FA-D29E-4B81-A737-2CA15FC97BE7}.Debug|Any CPU.ActiveCfg = Debug|Any CPU
		{94BE30FA-D29E-4B81-A737-2CA15FC97BE7}.Debug|Any CPU.Build.0 = Debug|Any CPU
		{94BE30FA-D29E-4B81-A737-2CA15FC97BE7}.Release|Any CPU.ActiveCfg = Release|Any CPU
		{94BE30FA-D29E-4B81-A737-2CA15FC97BE7}.Release|Any CPU.Build.0 = Release|Any CPU
		{BA194C36-F535-484D-96D0-2BE392FD6CE1}.Debug|Any CPU.ActiveCfg = Debug|Any CPU
		{BA194C36-F535-484D-96D0-2BE392FD6CE1}.Debug|Any CPU.Build.0 = Debug|Any CPU
		{BA194C36-F535-484D-96D0-2BE392FD6CE1}.Release|Any CPU.ActiveCfg = Release|Any CPU
		{BA194C36-F535-484D-96D0-2BE392FD6CE1}.Release|Any CPU.Build.0 = Release|Any CPU
		{01A6533C-8DCE-4263-BBF2-A56A3B265DCB}.Debug|Any CPU.ActiveCfg = Debug|Any CPU
		{01A6533C-8DCE-4263-BBF2-A56A3B265DCB}.Debug|Any CPU.Build.0 = Debug|Any CPU
		{01A6533C-8DCE-4263-BBF2-A56A3B265DCB}.Release|Any CPU.ActiveCfg = Release|Any CPU
		{01A6533C-8DCE-4263-BBF2-A56A3B265DCB}.Release|Any CPU.Build.0 = Release|Any CPU
		{65174B8F-F77E-4C45-A487-27613213F87A}.Debug|Any CPU.ActiveCfg = Debug|Any CPU
		{65174B8F-F77E-4C45-A487-27613213F87A}.Debug|Any CPU.Build.0 = Debug|Any CPU
		{65174B8F-F77E-4C45-A487-27613213F87A}.Release|Any CPU.ActiveCfg = Release|Any CPU
		{65174B8F-F77E-4C45-A487-27613213F87A}.Release|Any CPU.Build.0 = Release|Any CPU
		{4730A660-C53B-4F7B-9DF6-B9F74A6D777B}.Debug|Any CPU.ActiveCfg = Debug|Any CPU
		{4730A660-C53B-4F7B-9DF6-B9F74A6D777B}.Debug|Any CPU.Build.0 = Debug|Any CPU
		{4730A660-C53B-4F7B-9DF6-B9F74A6D777B}.Release|Any CPU.ActiveCfg = Release|Any CPU
		{4730A660-C53B-4F7B-9DF6-B9F74A6D777B}.Release|Any CPU.Build.0 = Release|Any CPU
		{708F1D4B-698F-4BF2-B49A-5F6A4F10D485}.Debug|Any CPU.ActiveCfg = Debug|Any CPU
		{708F1D4B-698F-4BF2-B49A-5F6A4F10D485}.Debug|Any CPU.Build.0 = Debug|Any CPU
		{708F1D4B-698F-4BF2-B49A-5F6A4F10D485}.Release|Any CPU.ActiveCfg = Release|Any CPU
		{708F1D4B-698F-4BF2-B49A-5F6A4F10D485}.Release|Any CPU.Build.0 = Release|Any CPU
		{F4300161-9653-4DCE-A897-3E115883F674}.Debug|Any CPU.ActiveCfg = Debug|Any CPU
		{F4300161-9653-4DCE-A897-3E115883F674}.Debug|Any CPU.Build.0 = Debug|Any CPU
		{F4300161-9653-4DCE-A897-3E115883F674}.Release|Any CPU.ActiveCfg = Release|Any CPU
		{F4300161-9653-4DCE-A897-3E115883F674}.Release|Any CPU.Build.0 = Release|Any CPU
		{7F0DBB2B-E08F-4C65-A91F-4FF3BBE7D39A}.Debug|Any CPU.ActiveCfg = Debug|Any CPU
		{7F0DBB2B-E08F-4C65-A91F-4FF3BBE7D39A}.Debug|Any CPU.Build.0 = Debug|Any CPU
		{7F0DBB2B-E08F-4C65-A91F-4FF3BBE7D39A}.Release|Any CPU.ActiveCfg = Release|Any CPU
		{7F0DBB2B-E08F-4C65-A91F-4FF3BBE7D39A}.Release|Any CPU.Build.0 = Release|Any CPU
		{0AF0E5AA-E536-4365-AE12-CC8507150BBE}.Debug|Any CPU.ActiveCfg = Debug|Any CPU
		{0AF0E5AA-E536-4365-AE12-CC8507150BBE}.Debug|Any CPU.Build.0 = Debug|Any CPU
		{0AF0E5AA-E536-4365-AE12-CC8507150BBE}.Release|Any CPU.ActiveCfg = Release|Any CPU
		{0AF0E5AA-E536-4365-AE12-CC8507150BBE}.Release|Any CPU.Build.0 = Release|Any CPU
		{0FAAD332-D620-4171-B337-2BAC35369188}.Debug|Any CPU.ActiveCfg = Debug|Any CPU
		{0FAAD332-D620-4171-B337-2BAC35369188}.Debug|Any CPU.Build.0 = Debug|Any CPU
		{0FAAD332-D620-4171-B337-2BAC35369188}.Release|Any CPU.ActiveCfg = Release|Any CPU
		{0FAAD332-D620-4171-B337-2BAC35369188}.Release|Any CPU.Build.0 = Release|Any CPU
		{CE84DE52-EA1E-474A-B3E4-BA8920429602}.Debug|Any CPU.ActiveCfg = Debug|Any CPU
		{CE84DE52-EA1E-474A-B3E4-BA8920429602}.Debug|Any CPU.Build.0 = Debug|Any CPU
		{CE84DE52-EA1E-474A-B3E4-BA8920429602}.Release|Any CPU.ActiveCfg = Release|Any CPU
		{CE84DE52-EA1E-474A-B3E4-BA8920429602}.Release|Any CPU.Build.0 = Release|Any CPU
		{F34EF265-2E59-45B3-80D3-F90D916A06FB}.Debug|Any CPU.ActiveCfg = Debug|Any CPU
		{F34EF265-2E59-45B3-80D3-F90D916A06FB}.Debug|Any CPU.Build.0 = Debug|Any CPU
		{F34EF265-2E59-45B3-80D3-F90D916A06FB}.Release|Any CPU.ActiveCfg = Release|Any CPU
		{F34EF265-2E59-45B3-80D3-F90D916A06FB}.Release|Any CPU.Build.0 = Release|Any CPU
		{94699506-4719-4B34-A489-A40B6C5B2185}.Debug|Any CPU.ActiveCfg = Debug|Any CPU
		{94699506-4719-4B34-A489-A40B6C5B2185}.Debug|Any CPU.Build.0 = Debug|Any CPU
		{94699506-4719-4B34-A489-A40B6C5B2185}.Release|Any CPU.ActiveCfg = Release|Any CPU
		{94699506-4719-4B34-A489-A40B6C5B2185}.Release|Any CPU.Build.0 = Release|Any CPU
		{91E5521F-6430-49F1-BC63-E92192FD2B81}.Debug|Any CPU.ActiveCfg = Debug|Any CPU
		{91E5521F-6430-49F1-BC63-E92192FD2B81}.Debug|Any CPU.Build.0 = Debug|Any CPU
		{91E5521F-6430-49F1-BC63-E92192FD2B81}.Release|Any CPU.ActiveCfg = Release|Any CPU
		{91E5521F-6430-49F1-BC63-E92192FD2B81}.Release|Any CPU.Build.0 = Release|Any CPU
		{C8DDEF8B-48C8-4C85-8D4E-BF81F0322305}.Debug|Any CPU.ActiveCfg = Debug|Any CPU
		{C8DDEF8B-48C8-4C85-8D4E-BF81F0322305}.Debug|Any CPU.Build.0 = Debug|Any CPU
		{C8DDEF8B-48C8-4C85-8D4E-BF81F0322305}.Release|Any CPU.ActiveCfg = Release|Any CPU
		{C8DDEF8B-48C8-4C85-8D4E-BF81F0322305}.Release|Any CPU.Build.0 = Release|Any CPU
		{81EA5E86-9FAF-495D-978B-F6BE5DB27B33}.Debug|Any CPU.ActiveCfg = Debug|Any CPU
		{81EA5E86-9FAF-495D-978B-F6BE5DB27B33}.Debug|Any CPU.Build.0 = Debug|Any CPU
		{81EA5E86-9FAF-495D-978B-F6BE5DB27B33}.Release|Any CPU.ActiveCfg = Release|Any CPU
		{81EA5E86-9FAF-495D-978B-F6BE5DB27B33}.Release|Any CPU.Build.0 = Release|Any CPU
	EndGlobalSection
	GlobalSection(SolutionProperties) = preSolution
		HideSolutionNode = FALSE
	EndGlobalSection
	GlobalSection(ExtensibilityGlobals) = postSolution
		SolutionGuid = {31E917B3-4E2F-4A35-AF27-4B4837CAF515}
	EndGlobalSection
EndGlobal
